// !$*UTF8*$!
{
	archiveVersion = 1;
	classes = {
	};
	objectVersion = 56;
	objects = {

/* Begin PBXBuildFile section */
		1F2A9A252E41543F00C304FA /* Views.swift in Sources */ = {isa = PBXBuildFile; fileRef = 1F2A9A242E41543F00C304FA /* Views.swift */; };
		1F2A9A3A2E42216600C304FA /* LutExposure.cube in Resources */ = {isa = PBXBuildFile; fileRef = 1F2A9A362E42216600C304FA /* LutExposure.cube */; };
		1F2A9A432E422EF300C304FA /* LutKodakWarm.cube in Resources */ = {isa = PBXBuildFile; fileRef = 1F2A9A3E2E422EF300C304FA /* LutKodakWarm.cube */; };
		1F2A9A442E422EF300C304FA /* LutKodakNeutral.cube in Resources */ = {isa = PBXBuildFile; fileRef = 1F2A9A3F2E422EF300C304FA /* LutKodakNeutral.cube */; };
		1F2A9A452E422EF300C304FA /* LutFujiNeutral.cube in Resources */ = {isa = PBXBuildFile; fileRef = 1F2A9A402E422EF300C304FA /* LutFujiNeutral.cube */; };
		1F2A9A462E422EF300C304FA /* LutFujiWarm.cube in Resources */ = {isa = PBXBuildFile; fileRef = 1F2A9A412E422EF300C304FA /* LutFujiWarm.cube */; };
		1F2A9A492E42302300C304FA /* LutLookExposure.cube in Resources */ = {isa = PBXBuildFile; fileRef = 1F2A9A482E42302300C304FA /* LutLookExposure.cube */; };
		1F2A9A4B2E42304000C304FA /* LutBWNeutral.cube in Resources */ = {isa = PBXBuildFile; fileRef = 1F2A9A4A2E42304000C304FA /* LutBWNeutral.cube */; };
		1F2A9A4D2E4230D200C304FA /* LutBWContrast.cube in Resources */ = {isa = PBXBuildFile; fileRef = 1F2A9A4C2E4230D100C304FA /* LutBWContrast.cube */; };
		1F2D89E42E2E61780040D673 /* ShareViewController.swift in Sources */ = {isa = PBXBuildFile; fileRef = 1F2D89E32E2E61780040D673 /* ShareViewController.swift */; };
		1F2D89E72E2E61780040D673 /* MainInterface.storyboard in Resources */ = {isa = PBXBuildFile; fileRef = 1F2D89E52E2E61780040D673 /* MainInterface.storyboard */; };
		1F2D89EB2E2E61780040D673 /* FilmlogShareExtension.appex in Embed Foundation Extensions */ = {isa = PBXBuildFile; fileRef = 1F2D89E12E2E61780040D673 /* FilmlogShareExtension.appex */; settings = {ATTRIBUTES = (RemoveHeadersOnCopy, ); }; };
		1F62CE0F2E21608C002DBAA3 /* CameraModel.swift in Sources */ = {isa = PBXBuildFile; fileRef = 1F62CE0E2E21608C002DBAA3 /* CameraModel.swift */; };
		1F62CE112E2160BD002DBAA3 /* CameraPreview.swift in Sources */ = {isa = PBXBuildFile; fileRef = 1F62CE102E2160BD002DBAA3 /* CameraPreview.swift */; };
		1F64D2E42E1B1362009EA1A8 /* Models.swift in Sources */ = {isa = PBXBuildFile; fileRef = 1F64D2E32E1B1362009EA1A8 /* Models.swift */; };
		1F64D2E62E1B1384009EA1A8 /* RollDetailView.swift in Sources */ = {isa = PBXBuildFile; fileRef = 1F64D2E52E1B1384009EA1A8 /* RollDetailView.swift */; };
		1F64D2E82E1B1457009EA1A8 /* CameraPicker.swift in Sources */ = {isa = PBXBuildFile; fileRef = 1F64D2E72E1B1457009EA1A8 /* CameraPicker.swift */; };
		1F70B3742E30124B0021DB93 /* ShotImageView.swift in Sources */ = {isa = PBXBuildFile; fileRef = 1F70B3702E30124B0021DB93 /* ShotImageView.swift */; };
		1F70B3752E30124B0021DB93 /* ShotDetailView.swift in Sources */ = {isa = PBXBuildFile; fileRef = 1F70B3712E30124B0021DB93 /* ShotDetailView.swift */; };
		1F70B3762E30124B0021DB93 /* ShotSectionView.swift in Sources */ = {isa = PBXBuildFile; fileRef = 1F70B3722E30124B0021DB93 /* ShotSectionView.swift */; };
		1F70B3772E30124B0021DB93 /* ShotViewfinderView.swift in Sources */ = {isa = PBXBuildFile; fileRef = 1F70B3732E30124B0021DB93 /* ShotViewfinderView.swift */; };
		1F9B3E952E1AE48C005F95A0 /* filmlogApp.swift in Sources */ = {isa = PBXBuildFile; fileRef = 1F9B3E942E1AE48C005F95A0 /* filmlogApp.swift */; };
		1F9B3E972E1AE48C005F95A0 /* ContentView.swift in Sources */ = {isa = PBXBuildFile; fileRef = 1F9B3E962E1AE48C005F95A0 /* ContentView.swift */; };
		1F9B3E992E1AE48C005F95A0 /* Item.swift in Sources */ = {isa = PBXBuildFile; fileRef = 1F9B3E982E1AE48C005F95A0 /* Item.swift */; };
		1F9B3E9B2E1AE48F005F95A0 /* Assets.xcassets in Resources */ = {isa = PBXBuildFile; fileRef = 1F9B3E9A2E1AE48F005F95A0 /* Assets.xcassets */; };
		1F9B3E9E2E1AE48F005F95A0 /* Preview Assets.xcassets in Resources */ = {isa = PBXBuildFile; fileRef = 1F9B3E9D2E1AE48F005F95A0 /* Preview Assets.xcassets */; };
		1F9B3EA82E1AE48F005F95A0 /* filmlogTests.swift in Sources */ = {isa = PBXBuildFile; fileRef = 1F9B3EA72E1AE48F005F95A0 /* filmlogTests.swift */; };
		1F9B3EB22E1AE48F005F95A0 /* filmlogUITests.swift in Sources */ = {isa = PBXBuildFile; fileRef = 1F9B3EB12E1AE48F005F95A0 /* filmlogUITests.swift */; };
		1F9B3EB42E1AE48F005F95A0 /* filmlogUITestsLaunchTests.swift in Sources */ = {isa = PBXBuildFile; fileRef = 1F9B3EB32E1AE48F005F95A0 /* filmlogUITestsLaunchTests.swift */; };
		1F9D42962E82F4850072D498 /* Debug.swift in Sources */ = {isa = PBXBuildFile; fileRef = 1F9D42952E82F4850072D498 /* Debug.swift */; };
		1F9DC7E62E3AB90B00D95B79 /* GalleryView.swift in Sources */ = {isa = PBXBuildFile; fileRef = 1F9DC7E52E3AB90B00D95B79 /* GalleryView.swift */; };
		1F9DC7E82E3BC3FB00D95B79 /* CameraMetalPreview.swift in Sources */ = {isa = PBXBuildFile; fileRef = 1F9DC7E72E3BC3FB00D95B79 /* CameraMetalPreview.swift */; };
		1F9DC7EA2E3BC42900D95B79 /* CameraMetalRenderer.swift in Sources */ = {isa = PBXBuildFile; fileRef = 1F9DC7E92E3BC42900D95B79 /* CameraMetalRenderer.swift */; };
		1F9DC7EC2E3BC70400D95B79 /* CameraMetalProgram.metal in Sources */ = {isa = PBXBuildFile; fileRef = 1F9DC7EB2E3BC70400D95B79 /* CameraMetalProgram.metal */; };
		1FD3D14F2E2102F100A1C9EF /* SettingsView.swift in Sources */ = {isa = PBXBuildFile; fileRef = 1FD3D14E2E2102F100A1C9EF /* SettingsView.swift */; };
		1FEDFF2A2E1EA54400E64567 /* FullscreenImageView.swift in Sources */ = {isa = PBXBuildFile; fileRef = 1FEDFF292E1EA54400E64567 /* FullscreenImageView.swift */; };
/* End PBXBuildFile section */

/* Begin PBXContainerItemProxy section */
		1F2D89E92E2E61780040D673 /* PBXContainerItemProxy */ = {
			isa = PBXContainerItemProxy;
			containerPortal = 1F9B3E892E1AE48C005F95A0 /* Project object */;
			proxyType = 1;
			remoteGlobalIDString = 1F2D89E02E2E61780040D673;
			remoteInfo = FilmlogShareExtension;
		};
		1F9B3EA42E1AE48F005F95A0 /* PBXContainerItemProxy */ = {
			isa = PBXContainerItemProxy;
			containerPortal = 1F9B3E892E1AE48C005F95A0 /* Project object */;
			proxyType = 1;
			remoteGlobalIDString = 1F9B3E902E1AE48C005F95A0;
			remoteInfo = filmlog;
		};
		1F9B3EAE2E1AE48F005F95A0 /* PBXContainerItemProxy */ = {
			isa = PBXContainerItemProxy;
			containerPortal = 1F9B3E892E1AE48C005F95A0 /* Project object */;
			proxyType = 1;
			remoteGlobalIDString = 1F9B3E902E1AE48C005F95A0;
			remoteInfo = filmlog;
		};
/* End PBXContainerItemProxy section */

/* Begin PBXCopyFilesBuildPhase section */
		1F2D89EF2E2E61780040D673 /* Embed Foundation Extensions */ = {
			isa = PBXCopyFilesBuildPhase;
			buildActionMask = 2147483647;
			dstPath = "";
			dstSubfolderSpec = 13;
			files = (
				1F2D89EB2E2E61780040D673 /* FilmlogShareExtension.appex in Embed Foundation Extensions */,
			);
			name = "Embed Foundation Extensions";
			runOnlyForDeploymentPostprocessing = 0;
		};
/* End PBXCopyFilesBuildPhase section */

/* Begin PBXFileReference section */
		1F2A9A242E41543F00C304FA /* Views.swift */ = {isa = PBXFileReference; lastKnownFileType = sourcecode.swift; path = Views.swift; sourceTree = "<group>"; };
		1F2A9A362E42216600C304FA /* LutExposure.cube */ = {isa = PBXFileReference; lastKnownFileType = text; name = LutExposure.cube; path = filmlog/LutExposure.cube; sourceTree = SOURCE_ROOT; };
		1F2A9A3E2E422EF300C304FA /* LutKodakWarm.cube */ = {isa = PBXFileReference; fileEncoding = 4; lastKnownFileType = text; path = LutKodakWarm.cube; sourceTree = "<group>"; };
		1F2A9A3F2E422EF300C304FA /* LutKodakNeutral.cube */ = {isa = PBXFileReference; fileEncoding = 4; lastKnownFileType = text; path = LutKodakNeutral.cube; sourceTree = "<group>"; };
		1F2A9A402E422EF300C304FA /* LutFujiNeutral.cube */ = {isa = PBXFileReference; fileEncoding = 4; lastKnownFileType = text; path = LutFujiNeutral.cube; sourceTree = "<group>"; };
		1F2A9A412E422EF300C304FA /* LutFujiWarm.cube */ = {isa = PBXFileReference; fileEncoding = 4; lastKnownFileType = text; path = LutFujiWarm.cube; sourceTree = "<group>"; };
		1F2A9A482E42302300C304FA /* LutLookExposure.cube */ = {isa = PBXFileReference; fileEncoding = 4; lastKnownFileType = text; path = LutLookExposure.cube; sourceTree = "<group>"; };
		1F2A9A4A2E42304000C304FA /* LutBWNeutral.cube */ = {isa = PBXFileReference; fileEncoding = 4; lastKnownFileType = text; path = LutBWNeutral.cube; sourceTree = "<group>"; };
		1F2A9A4C2E4230D100C304FA /* LutBWContrast.cube */ = {isa = PBXFileReference; fileEncoding = 4; lastKnownFileType = text; path = LutBWContrast.cube; sourceTree = "<group>"; };
		1F2D89E12E2E61780040D673 /* FilmlogShareExtension.appex */ = {isa = PBXFileReference; explicitFileType = "wrapper.app-extension"; includeInIndex = 0; path = FilmlogShareExtension.appex; sourceTree = BUILT_PRODUCTS_DIR; };
		1F2D89E32E2E61780040D673 /* ShareViewController.swift */ = {isa = PBXFileReference; lastKnownFileType = sourcecode.swift; path = ShareViewController.swift; sourceTree = "<group>"; };
		1F2D89E62E2E61780040D673 /* Base */ = {isa = PBXFileReference; lastKnownFileType = file.storyboard; name = Base; path = Base.lproj/MainInterface.storyboard; sourceTree = "<group>"; };
		1F2D89E82E2E61780040D673 /* Info.plist */ = {isa = PBXFileReference; lastKnownFileType = text.plist.xml; path = Info.plist; sourceTree = "<group>"; };
		1F2D89F02E2E719F0040D673 /* FilmlogShareExtension.entitlements */ = {isa = PBXFileReference; lastKnownFileType = text.plist.entitlements; path = FilmlogShareExtension.entitlements; sourceTree = "<group>"; };
		1F2D89F12E2E762E0040D673 /* filmlog.entitlements */ = {isa = PBXFileReference; lastKnownFileType = text.plist.entitlements; path = filmlog.entitlements; sourceTree = "<group>"; };
		1F62CE0E2E21608C002DBAA3 /* CameraModel.swift */ = {isa = PBXFileReference; lastKnownFileType = sourcecode.swift; path = CameraModel.swift; sourceTree = "<group>"; };
		1F62CE102E2160BD002DBAA3 /* CameraPreview.swift */ = {isa = PBXFileReference; lastKnownFileType = sourcecode.swift; path = CameraPreview.swift; sourceTree = "<group>"; };
		1F64D2E32E1B1362009EA1A8 /* Models.swift */ = {isa = PBXFileReference; lastKnownFileType = sourcecode.swift; path = Models.swift; sourceTree = "<group>"; };
		1F64D2E52E1B1384009EA1A8 /* RollDetailView.swift */ = {isa = PBXFileReference; lastKnownFileType = sourcecode.swift; path = RollDetailView.swift; sourceTree = "<group>"; };
		1F64D2E72E1B1457009EA1A8 /* CameraPicker.swift */ = {isa = PBXFileReference; lastKnownFileType = sourcecode.swift; path = CameraPicker.swift; sourceTree = "<group>"; };
		1F70B3702E30124B0021DB93 /* ShotImageView.swift */ = {isa = PBXFileReference; fileEncoding = 4; lastKnownFileType = sourcecode.swift; path = ShotImageView.swift; sourceTree = "<group>"; };
		1F70B3712E30124B0021DB93 /* ShotDetailView.swift */ = {isa = PBXFileReference; fileEncoding = 4; lastKnownFileType = sourcecode.swift; path = ShotDetailView.swift; sourceTree = "<group>"; };
		1F70B3722E30124B0021DB93 /* ShotSectionView.swift */ = {isa = PBXFileReference; fileEncoding = 4; lastKnownFileType = sourcecode.swift; path = ShotSectionView.swift; sourceTree = "<group>"; };
		1F70B3732E30124B0021DB93 /* ShotViewfinderView.swift */ = {isa = PBXFileReference; fileEncoding = 4; lastKnownFileType = sourcecode.swift; path = ShotViewfinderView.swift; sourceTree = "<group>"; };
		1F9B3E912E1AE48C005F95A0 /* filmlog.app */ = {isa = PBXFileReference; explicitFileType = wrapper.application; includeInIndex = 0; path = filmlog.app; sourceTree = BUILT_PRODUCTS_DIR; };
		1F9B3E942E1AE48C005F95A0 /* filmlogApp.swift */ = {isa = PBXFileReference; lastKnownFileType = sourcecode.swift; path = filmlogApp.swift; sourceTree = "<group>"; };
		1F9B3E962E1AE48C005F95A0 /* ContentView.swift */ = {isa = PBXFileReference; lastKnownFileType = sourcecode.swift; path = ContentView.swift; sourceTree = "<group>"; };
		1F9B3E982E1AE48C005F95A0 /* Item.swift */ = {isa = PBXFileReference; lastKnownFileType = sourcecode.swift; path = Item.swift; sourceTree = "<group>"; };
		1F9B3E9A2E1AE48F005F95A0 /* Assets.xcassets */ = {isa = PBXFileReference; lastKnownFileType = folder.assetcatalog; path = Assets.xcassets; sourceTree = "<group>"; };
		1F9B3E9D2E1AE48F005F95A0 /* Preview Assets.xcassets */ = {isa = PBXFileReference; lastKnownFileType = folder.assetcatalog; path = "Preview Assets.xcassets"; sourceTree = "<group>"; };
		1F9B3EA32E1AE48F005F95A0 /* filmlogTests.xctest */ = {isa = PBXFileReference; explicitFileType = wrapper.cfbundle; includeInIndex = 0; path = filmlogTests.xctest; sourceTree = BUILT_PRODUCTS_DIR; };
		1F9B3EA72E1AE48F005F95A0 /* filmlogTests.swift */ = {isa = PBXFileReference; lastKnownFileType = sourcecode.swift; path = filmlogTests.swift; sourceTree = "<group>"; };
		1F9B3EAD2E1AE48F005F95A0 /* filmlogUITests.xctest */ = {isa = PBXFileReference; explicitFileType = wrapper.cfbundle; includeInIndex = 0; path = filmlogUITests.xctest; sourceTree = BUILT_PRODUCTS_DIR; };
		1F9B3EB12E1AE48F005F95A0 /* filmlogUITests.swift */ = {isa = PBXFileReference; lastKnownFileType = sourcecode.swift; path = filmlogUITests.swift; sourceTree = "<group>"; };
		1F9B3EB32E1AE48F005F95A0 /* filmlogUITestsLaunchTests.swift */ = {isa = PBXFileReference; lastKnownFileType = sourcecode.swift; path = filmlogUITestsLaunchTests.swift; sourceTree = "<group>"; };
		1F9D42952E82F4850072D498 /* Debug.swift */ = {isa = PBXFileReference; lastKnownFileType = sourcecode.swift; path = Debug.swift; sourceTree = "<group>"; };
		1F9DC7E52E3AB90B00D95B79 /* GalleryView.swift */ = {isa = PBXFileReference; fileEncoding = 4; lastKnownFileType = sourcecode.swift; path = GalleryView.swift; sourceTree = "<group>"; };
		1F9DC7E72E3BC3FB00D95B79 /* CameraMetalPreview.swift */ = {isa = PBXFileReference; lastKnownFileType = sourcecode.swift; path = CameraMetalPreview.swift; sourceTree = "<group>"; };
		1F9DC7E92E3BC42900D95B79 /* CameraMetalRenderer.swift */ = {isa = PBXFileReference; lastKnownFileType = sourcecode.swift; path = CameraMetalRenderer.swift; sourceTree = "<group>"; };
		1F9DC7EB2E3BC70400D95B79 /* CameraMetalProgram.metal */ = {isa = PBXFileReference; lastKnownFileType = sourcecode.metal; path = CameraMetalProgram.metal; sourceTree = "<group>"; };
		1FD3D14E2E2102F100A1C9EF /* SettingsView.swift */ = {isa = PBXFileReference; lastKnownFileType = sourcecode.swift; path = SettingsView.swift; sourceTree = "<group>"; };
		1FD3D1502E2108A100A1C9EF /* Info.plist */ = {isa = PBXFileReference; lastKnownFileType = text.plist; path = Info.plist; sourceTree = "<group>"; };
		1FEDFF292E1EA54400E64567 /* FullscreenImageView.swift */ = {isa = PBXFileReference; lastKnownFileType = sourcecode.swift; path = FullscreenImageView.swift; sourceTree = "<group>"; };
/* End PBXFileReference section */

/* Begin PBXFrameworksBuildPhase section */
		1F2D89DE2E2E61780040D673 /* Frameworks */ = {
			isa = PBXFrameworksBuildPhase;
			buildActionMask = 2147483647;
			files = (
			);
			runOnlyForDeploymentPostprocessing = 0;
		};
		1F9B3E8E2E1AE48C005F95A0 /* Frameworks */ = {
			isa = PBXFrameworksBuildPhase;
			buildActionMask = 2147483647;
			files = (
			);
			runOnlyForDeploymentPostprocessing = 0;
		};
		1F9B3EA02E1AE48F005F95A0 /* Frameworks */ = {
			isa = PBXFrameworksBuildPhase;
			buildActionMask = 2147483647;
			files = (
			);
			runOnlyForDeploymentPostprocessing = 0;
		};
		1F9B3EAA2E1AE48F005F95A0 /* Frameworks */ = {
			isa = PBXFrameworksBuildPhase;
			buildActionMask = 2147483647;
			files = (
			);
			runOnlyForDeploymentPostprocessing = 0;
		};
/* End PBXFrameworksBuildPhase section */

/* Begin PBXGroup section */
		1F2D89E22E2E61780040D673 /* FilmlogShareExtension */ = {
			isa = PBXGroup;
			children = (
				1F2D89F02E2E719F0040D673 /* FilmlogShareExtension.entitlements */,
				1F2D89E32E2E61780040D673 /* ShareViewController.swift */,
				1F2D89E52E2E61780040D673 /* MainInterface.storyboard */,
				1F2D89E82E2E61780040D673 /* Info.plist */,
			);
			path = FilmlogShareExtension;
			sourceTree = "<group>";
		};
		1F9B3E882E1AE48C005F95A0 = {
			isa = PBXGroup;
			children = (
				1F9B3E932E1AE48C005F95A0 /* filmlog */,
				1F9B3EA62E1AE48F005F95A0 /* filmlogTests */,
				1F9B3EB02E1AE48F005F95A0 /* filmlogUITests */,
				1F2D89E22E2E61780040D673 /* FilmlogShareExtension */,
				1F9B3E922E1AE48C005F95A0 /* Products */,
			);
			sourceTree = "<group>";
		};
		1F9B3E922E1AE48C005F95A0 /* Products */ = {
			isa = PBXGroup;
			children = (
				1F9B3E912E1AE48C005F95A0 /* filmlog.app */,
				1F9B3EA32E1AE48F005F95A0 /* filmlogTests.xctest */,
				1F9B3EAD2E1AE48F005F95A0 /* filmlogUITests.xctest */,
				1F2D89E12E2E61780040D673 /* FilmlogShareExtension.appex */,
			);
			name = Products;
			sourceTree = "<group>";
		};
		1F9B3E932E1AE48C005F95A0 /* filmlog */ = {
			isa = PBXGroup;
			children = (
				1FD3D1502E2108A100A1C9EF /* Info.plist */,
				1F2D89F12E2E762E0040D673 /* filmlog.entitlements */,
				1F9B3E942E1AE48C005F95A0 /* filmlogApp.swift */,
				1F62CE0E2E21608C002DBAA3 /* CameraModel.swift */,
				1F62CE102E2160BD002DBAA3 /* CameraPreview.swift */,
				1F64D2E72E1B1457009EA1A8 /* CameraPicker.swift */,
				1F9B3E962E1AE48C005F95A0 /* ContentView.swift */,
				1FEDFF292E1EA54400E64567 /* FullscreenImageView.swift */,
				1F9DC7E52E3AB90B00D95B79 /* GalleryView.swift */,
				1F9B3E982E1AE48C005F95A0 /* Item.swift */,
				1F9B3E9A2E1AE48F005F95A0 /* Assets.xcassets */,
				1F9B3E9C2E1AE48F005F95A0 /* Preview Content */,
				1F64D2E32E1B1362009EA1A8 /* Models.swift */,
				1F2A9A242E41543F00C304FA /* Views.swift */,
				1F64D2E52E1B1384009EA1A8 /* RollDetailView.swift */,
				1FD3D14E2E2102F100A1C9EF /* SettingsView.swift */,
				1F70B3712E30124B0021DB93 /* ShotDetailView.swift */,
				1F70B3702E30124B0021DB93 /* ShotImageView.swift */,
				1F70B3722E30124B0021DB93 /* ShotSectionView.swift */,
				1F70B3732E30124B0021DB93 /* ShotViewfinderView.swift */,
				1F9DC7E72E3BC3FB00D95B79 /* CameraMetalPreview.swift */,
				1F9DC7E92E3BC42900D95B79 /* CameraMetalRenderer.swift */,
				1F9DC7EB2E3BC70400D95B79 /* CameraMetalProgram.metal */,
				1F2A9A362E42216600C304FA /* LutExposure.cube */,
				1F2A9A402E422EF300C304FA /* LutFujiNeutral.cube */,
				1F2A9A412E422EF300C304FA /* LutFujiWarm.cube */,
				1F2A9A482E42302300C304FA /* LutLookExposure.cube */,
				1F2A9A4A2E42304000C304FA /* LutBWNeutral.cube */,
				1F2A9A4C2E4230D100C304FA /* LutBWContrast.cube */,
				1F2A9A3F2E422EF300C304FA /* LutKodakNeutral.cube */,
				1F2A9A3E2E422EF300C304FA /* LutKodakWarm.cube */,
				1F9D42952E82F4850072D498 /* Debug.swift */,
			);
			path = filmlog;
			sourceTree = "<group>";
		};
		1F9B3E9C2E1AE48F005F95A0 /* Preview Content */ = {
			isa = PBXGroup;
			children = (
				1F9B3E9D2E1AE48F005F95A0 /* Preview Assets.xcassets */,
			);
			path = "Preview Content";
			sourceTree = "<group>";
		};
		1F9B3EA62E1AE48F005F95A0 /* filmlogTests */ = {
			isa = PBXGroup;
			children = (
				1F9B3EA72E1AE48F005F95A0 /* filmlogTests.swift */,
			);
			path = filmlogTests;
			sourceTree = "<group>";
		};
		1F9B3EB02E1AE48F005F95A0 /* filmlogUITests */ = {
			isa = PBXGroup;
			children = (
				1F9B3EB12E1AE48F005F95A0 /* filmlogUITests.swift */,
				1F9B3EB32E1AE48F005F95A0 /* filmlogUITestsLaunchTests.swift */,
			);
			path = filmlogUITests;
			sourceTree = "<group>";
		};
/* End PBXGroup section */

/* Begin PBXNativeTarget section */
		1F2D89E02E2E61780040D673 /* FilmlogShareExtension */ = {
			isa = PBXNativeTarget;
			buildConfigurationList = 1F2D89EC2E2E61780040D673 /* Build configuration list for PBXNativeTarget "FilmlogShareExtension" */;
			buildPhases = (
				1F2D89DD2E2E61780040D673 /* Sources */,
				1F2D89DE2E2E61780040D673 /* Frameworks */,
				1F2D89DF2E2E61780040D673 /* Resources */,
			);
			buildRules = (
			);
			dependencies = (
			);
			name = FilmlogShareExtension;
			productName = FilmlogShareExtension;
			productReference = 1F2D89E12E2E61780040D673 /* FilmlogShareExtension.appex */;
			productType = "com.apple.product-type.app-extension";
		};
		1F9B3E902E1AE48C005F95A0 /* filmlog */ = {
			isa = PBXNativeTarget;
			buildConfigurationList = 1F9B3EB72E1AE48F005F95A0 /* Build configuration list for PBXNativeTarget "filmlog" */;
			buildPhases = (
				1F9B3E8D2E1AE48C005F95A0 /* Sources */,
				1F9B3E8E2E1AE48C005F95A0 /* Frameworks */,
				1F9B3E8F2E1AE48C005F95A0 /* Resources */,
				1F2D89EF2E2E61780040D673 /* Embed Foundation Extensions */,
			);
			buildRules = (
			);
			dependencies = (
				1F2D89EA2E2E61780040D673 /* PBXTargetDependency */,
			);
			name = filmlog;
			productName = filmlog;
			productReference = 1F9B3E912E1AE48C005F95A0 /* filmlog.app */;
			productType = "com.apple.product-type.application";
		};
		1F9B3EA22E1AE48F005F95A0 /* filmlogTests */ = {
			isa = PBXNativeTarget;
			buildConfigurationList = 1F9B3EBA2E1AE48F005F95A0 /* Build configuration list for PBXNativeTarget "filmlogTests" */;
			buildPhases = (
				1F9B3E9F2E1AE48F005F95A0 /* Sources */,
				1F9B3EA02E1AE48F005F95A0 /* Frameworks */,
				1F9B3EA12E1AE48F005F95A0 /* Resources */,
			);
			buildRules = (
			);
			dependencies = (
				1F9B3EA52E1AE48F005F95A0 /* PBXTargetDependency */,
			);
			name = filmlogTests;
			productName = filmlogTests;
			productReference = 1F9B3EA32E1AE48F005F95A0 /* filmlogTests.xctest */;
			productType = "com.apple.product-type.bundle.unit-test";
		};
		1F9B3EAC2E1AE48F005F95A0 /* filmlogUITests */ = {
			isa = PBXNativeTarget;
			buildConfigurationList = 1F9B3EBD2E1AE48F005F95A0 /* Build configuration list for PBXNativeTarget "filmlogUITests" */;
			buildPhases = (
				1F9B3EA92E1AE48F005F95A0 /* Sources */,
				1F9B3EAA2E1AE48F005F95A0 /* Frameworks */,
				1F9B3EAB2E1AE48F005F95A0 /* Resources */,
			);
			buildRules = (
			);
			dependencies = (
				1F9B3EAF2E1AE48F005F95A0 /* PBXTargetDependency */,
			);
			name = filmlogUITests;
			productName = filmlogUITests;
			productReference = 1F9B3EAD2E1AE48F005F95A0 /* filmlogUITests.xctest */;
			productType = "com.apple.product-type.bundle.ui-testing";
		};
/* End PBXNativeTarget section */

/* Begin PBXProject section */
		1F9B3E892E1AE48C005F95A0 /* Project object */ = {
			isa = PBXProject;
			attributes = {
				BuildIndependentTargetsInParallel = 1;
				LastSwiftUpdateCheck = 1500;
				LastUpgradeCheck = 1500;
				TargetAttributes = {
					1F2D89E02E2E61780040D673 = {
						CreatedOnToolsVersion = 15.0.1;
					};
					1F9B3E902E1AE48C005F95A0 = {
						CreatedOnToolsVersion = 15.0.1;
					};
					1F9B3EA22E1AE48F005F95A0 = {
						CreatedOnToolsVersion = 15.0.1;
						TestTargetID = 1F9B3E902E1AE48C005F95A0;
					};
					1F9B3EAC2E1AE48F005F95A0 = {
						CreatedOnToolsVersion = 15.0.1;
						TestTargetID = 1F9B3E902E1AE48C005F95A0;
					};
				};
			};
			buildConfigurationList = 1F9B3E8C2E1AE48C005F95A0 /* Build configuration list for PBXProject "filmlog" */;
			compatibilityVersion = "Xcode 14.0";
			developmentRegion = en;
			hasScannedForEncodings = 0;
			knownRegions = (
				en,
				Base,
			);
			mainGroup = 1F9B3E882E1AE48C005F95A0;
			productRefGroup = 1F9B3E922E1AE48C005F95A0 /* Products */;
			projectDirPath = "";
			projectRoot = "";
			targets = (
				1F9B3E902E1AE48C005F95A0 /* filmlog */,
				1F9B3EA22E1AE48F005F95A0 /* filmlogTests */,
				1F9B3EAC2E1AE48F005F95A0 /* filmlogUITests */,
				1F2D89E02E2E61780040D673 /* FilmlogShareExtension */,
			);
		};
/* End PBXProject section */

/* Begin PBXResourcesBuildPhase section */
		1F2D89DF2E2E61780040D673 /* Resources */ = {
			isa = PBXResourcesBuildPhase;
			buildActionMask = 2147483647;
			files = (
				1F2D89E72E2E61780040D673 /* MainInterface.storyboard in Resources */,
			);
			runOnlyForDeploymentPostprocessing = 0;
		};
		1F9B3E8F2E1AE48C005F95A0 /* Resources */ = {
			isa = PBXResourcesBuildPhase;
			buildActionMask = 2147483647;
			files = (
				1F9B3E9E2E1AE48F005F95A0 /* Preview Assets.xcassets in Resources */,
				1F2A9A4D2E4230D200C304FA /* LutBWContrast.cube in Resources */,
				1F2A9A492E42302300C304FA /* LutLookExposure.cube in Resources */,
				1F2A9A4B2E42304000C304FA /* LutBWNeutral.cube in Resources */,
				1F2A9A462E422EF300C304FA /* LutFujiWarm.cube in Resources */,
				1F2A9A442E422EF300C304FA /* LutKodakNeutral.cube in Resources */,
				1F2A9A3A2E42216600C304FA /* LutExposure.cube in Resources */,
				1F2A9A432E422EF300C304FA /* LutKodakWarm.cube in Resources */,
				1F2A9A452E422EF300C304FA /* LutFujiNeutral.cube in Resources */,
				1F9B3E9B2E1AE48F005F95A0 /* Assets.xcassets in Resources */,
			);
			runOnlyForDeploymentPostprocessing = 0;
		};
		1F9B3EA12E1AE48F005F95A0 /* Resources */ = {
			isa = PBXResourcesBuildPhase;
			buildActionMask = 2147483647;
			files = (
			);
			runOnlyForDeploymentPostprocessing = 0;
		};
		1F9B3EAB2E1AE48F005F95A0 /* Resources */ = {
			isa = PBXResourcesBuildPhase;
			buildActionMask = 2147483647;
			files = (
			);
			runOnlyForDeploymentPostprocessing = 0;
		};
/* End PBXResourcesBuildPhase section */

/* Begin PBXSourcesBuildPhase section */
		1F2D89DD2E2E61780040D673 /* Sources */ = {
			isa = PBXSourcesBuildPhase;
			buildActionMask = 2147483647;
			files = (
				1F2D89E42E2E61780040D673 /* ShareViewController.swift in Sources */,
			);
			runOnlyForDeploymentPostprocessing = 0;
		};
		1F9B3E8D2E1AE48C005F95A0 /* Sources */ = {
			isa = PBXSourcesBuildPhase;
			buildActionMask = 2147483647;
			files = (
				1F62CE112E2160BD002DBAA3 /* CameraPreview.swift in Sources */,
				1F9D42962E82F4850072D498 /* Debug.swift in Sources */,
				1F70B3772E30124B0021DB93 /* ShotViewfinderView.swift in Sources */,
				1F9DC7E82E3BC3FB00D95B79 /* CameraMetalPreview.swift in Sources */,
				1F9B3E972E1AE48C005F95A0 /* ContentView.swift in Sources */,
				1F9B3E992E1AE48C005F95A0 /* Item.swift in Sources */,
				1F9B3E952E1AE48C005F95A0 /* filmlogApp.swift in Sources */,
				1F62CE0F2E21608C002DBAA3 /* CameraModel.swift in Sources */,
				1F64D2E62E1B1384009EA1A8 /* RollDetailView.swift in Sources */,
				1F9DC7E62E3AB90B00D95B79 /* GalleryView.swift in Sources */,
				1FEDFF2A2E1EA54400E64567 /* FullscreenImageView.swift in Sources */,
				1FD3D14F2E2102F100A1C9EF /* SettingsView.swift in Sources */,
				1F64D2E82E1B1457009EA1A8 /* CameraPicker.swift in Sources */,
				1F70B3762E30124B0021DB93 /* ShotSectionView.swift in Sources */,
				1F64D2E42E1B1362009EA1A8 /* Models.swift in Sources */,
				1F70B3742E30124B0021DB93 /* ShotImageView.swift in Sources */,
				1F2A9A252E41543F00C304FA /* Views.swift in Sources */,
				1F70B3752E30124B0021DB93 /* ShotDetailView.swift in Sources */,
				1F9DC7EC2E3BC70400D95B79 /* CameraMetalProgram.metal in Sources */,
				1F9DC7EA2E3BC42900D95B79 /* CameraMetalRenderer.swift in Sources */,
			);
			runOnlyForDeploymentPostprocessing = 0;
		};
		1F9B3E9F2E1AE48F005F95A0 /* Sources */ = {
			isa = PBXSourcesBuildPhase;
			buildActionMask = 2147483647;
			files = (
				1F9B3EA82E1AE48F005F95A0 /* filmlogTests.swift in Sources */,
			);
			runOnlyForDeploymentPostprocessing = 0;
		};
		1F9B3EA92E1AE48F005F95A0 /* Sources */ = {
			isa = PBXSourcesBuildPhase;
			buildActionMask = 2147483647;
			files = (
				1F9B3EB42E1AE48F005F95A0 /* filmlogUITestsLaunchTests.swift in Sources */,
				1F9B3EB22E1AE48F005F95A0 /* filmlogUITests.swift in Sources */,
			);
			runOnlyForDeploymentPostprocessing = 0;
		};
/* End PBXSourcesBuildPhase section */

/* Begin PBXTargetDependency section */
		1F2D89EA2E2E61780040D673 /* PBXTargetDependency */ = {
			isa = PBXTargetDependency;
			target = 1F2D89E02E2E61780040D673 /* FilmlogShareExtension */;
			targetProxy = 1F2D89E92E2E61780040D673 /* PBXContainerItemProxy */;
		};
		1F9B3EA52E1AE48F005F95A0 /* PBXTargetDependency */ = {
			isa = PBXTargetDependency;
			target = 1F9B3E902E1AE48C005F95A0 /* filmlog */;
			targetProxy = 1F9B3EA42E1AE48F005F95A0 /* PBXContainerItemProxy */;
		};
		1F9B3EAF2E1AE48F005F95A0 /* PBXTargetDependency */ = {
			isa = PBXTargetDependency;
			target = 1F9B3E902E1AE48C005F95A0 /* filmlog */;
			targetProxy = 1F9B3EAE2E1AE48F005F95A0 /* PBXContainerItemProxy */;
		};
/* End PBXTargetDependency section */

/* Begin PBXVariantGroup section */
		1F2D89E52E2E61780040D673 /* MainInterface.storyboard */ = {
			isa = PBXVariantGroup;
			children = (
				1F2D89E62E2E61780040D673 /* Base */,
			);
			name = MainInterface.storyboard;
			sourceTree = "<group>";
		};
/* End PBXVariantGroup section */

/* Begin XCBuildConfiguration section */
		1F2D89ED2E2E61780040D673 /* Debug */ = {
			isa = XCBuildConfiguration;
			buildSettings = {
				CODE_SIGN_ENTITLEMENTS = FilmlogShareExtension/FilmlogShareExtension.entitlements;
				CODE_SIGN_STYLE = Automatic;
				CURRENT_PROJECT_VERSION = 1;
				DEVELOPMENT_TEAM = R5Y97YP857;
				GENERATE_INFOPLIST_FILE = YES;
				INFOPLIST_FILE = FilmlogShareExtension/Info.plist;
				INFOPLIST_KEY_CFBundleDisplayName = FilmlogShareExtension;
				INFOPLIST_KEY_NSHumanReadableCopyright = "";
				LD_RUNPATH_SEARCH_PATHS = (
					"$(inherited)",
					"@executable_path/Frameworks",
					"@executable_path/../../Frameworks",
				);
				MARKETING_VERSION = 1.0;
				PRODUCT_BUNDLE_IDENTIFIER = mikaelsundell.filmlog.share;
				PRODUCT_NAME = "$(TARGET_NAME)";
				SKIP_INSTALL = YES;
				SWIFT_EMIT_LOC_STRINGS = YES;
				SWIFT_VERSION = 5.0;
				TARGETED_DEVICE_FAMILY = "1,2";
			};
			name = Debug;
		};
		1F2D89EE2E2E61780040D673 /* Release */ = {
			isa = XCBuildConfiguration;
			buildSettings = {
				CODE_SIGN_ENTITLEMENTS = FilmlogShareExtension/FilmlogShareExtension.entitlements;
				CODE_SIGN_STYLE = Automatic;
				CURRENT_PROJECT_VERSION = 1;
				DEVELOPMENT_TEAM = R5Y97YP857;
				GENERATE_INFOPLIST_FILE = YES;
				INFOPLIST_FILE = FilmlogShareExtension/Info.plist;
				INFOPLIST_KEY_CFBundleDisplayName = FilmlogShareExtension;
				INFOPLIST_KEY_NSHumanReadableCopyright = "";
				LD_RUNPATH_SEARCH_PATHS = (
					"$(inherited)",
					"@executable_path/Frameworks",
					"@executable_path/../../Frameworks",
				);
				MARKETING_VERSION = 1.0;
				PRODUCT_BUNDLE_IDENTIFIER = mikaelsundell.filmlog.share;
				PRODUCT_NAME = "$(TARGET_NAME)";
				SKIP_INSTALL = YES;
				SWIFT_EMIT_LOC_STRINGS = YES;
				SWIFT_VERSION = 5.0;
				TARGETED_DEVICE_FAMILY = "1,2";
			};
			name = Release;
		};
		1F9B3EB52E1AE48F005F95A0 /* Debug */ = {
			isa = XCBuildConfiguration;
			buildSettings = {
				ALWAYS_SEARCH_USER_PATHS = NO;
				ASSETCATALOG_COMPILER_GENERATE_SWIFT_ASSET_SYMBOL_EXTENSIONS = YES;
				CLANG_ANALYZER_NONNULL = YES;
				CLANG_ANALYZER_NUMBER_OBJECT_CONVERSION = YES_AGGRESSIVE;
				CLANG_CXX_LANGUAGE_STANDARD = "gnu++20";
				CLANG_ENABLE_MODULES = YES;
				CLANG_ENABLE_OBJC_ARC = YES;
				CLANG_ENABLE_OBJC_WEAK = YES;
				CLANG_WARN_BLOCK_CAPTURE_AUTORELEASING = YES;
				CLANG_WARN_BOOL_CONVERSION = YES;
				CLANG_WARN_COMMA = YES;
				CLANG_WARN_CONSTANT_CONVERSION = YES;
				CLANG_WARN_DEPRECATED_OBJC_IMPLEMENTATIONS = YES;
				CLANG_WARN_DIRECT_OBJC_ISA_USAGE = YES_ERROR;
				CLANG_WARN_DOCUMENTATION_COMMENTS = YES;
				CLANG_WARN_EMPTY_BODY = YES;
				CLANG_WARN_ENUM_CONVERSION = YES;
				CLANG_WARN_INFINITE_RECURSION = YES;
				CLANG_WARN_INT_CONVERSION = YES;
				CLANG_WARN_NON_LITERAL_NULL_CONVERSION = YES;
				CLANG_WARN_OBJC_IMPLICIT_RETAIN_SELF = YES;
				CLANG_WARN_OBJC_LITERAL_CONVERSION = YES;
				CLANG_WARN_OBJC_ROOT_CLASS = YES_ERROR;
				CLANG_WARN_QUOTED_INCLUDE_IN_FRAMEWORK_HEADER = YES;
				CLANG_WARN_RANGE_LOOP_ANALYSIS = YES;
				CLANG_WARN_STRICT_PROTOTYPES = YES;
				CLANG_WARN_SUSPICIOUS_MOVE = YES;
				CLANG_WARN_UNGUARDED_AVAILABILITY = YES_AGGRESSIVE;
				CLANG_WARN_UNREACHABLE_CODE = YES;
				CLANG_WARN__DUPLICATE_METHOD_MATCH = YES;
				COPY_PHASE_STRIP = NO;
				DEBUG_INFORMATION_FORMAT = dwarf;
				ENABLE_STRICT_OBJC_MSGSEND = YES;
				ENABLE_TESTABILITY = YES;
				ENABLE_USER_SCRIPT_SANDBOXING = YES;
				GCC_C_LANGUAGE_STANDARD = gnu17;
				GCC_DYNAMIC_NO_PIC = NO;
				GCC_NO_COMMON_BLOCKS = YES;
				GCC_OPTIMIZATION_LEVEL = 0;
				GCC_PREPROCESSOR_DEFINITIONS = (
					"DEBUG=1",
					"$(inherited)",
				);
				GCC_WARN_64_TO_32_BIT_CONVERSION = YES;
				GCC_WARN_ABOUT_RETURN_TYPE = YES_ERROR;
				GCC_WARN_UNDECLARED_SELECTOR = YES;
				GCC_WARN_UNINITIALIZED_AUTOS = YES_AGGRESSIVE;
				GCC_WARN_UNUSED_FUNCTION = YES;
				GCC_WARN_UNUSED_VARIABLE = YES;
				IPHONEOS_DEPLOYMENT_TARGET = 17.0;
				LOCALIZATION_PREFERS_STRING_CATALOGS = YES;
				MTL_ENABLE_DEBUG_INFO = INCLUDE_SOURCE;
				MTL_FAST_MATH = YES;
				ONLY_ACTIVE_ARCH = YES;
				SDKROOT = iphoneos;
				SWIFT_ACTIVE_COMPILATION_CONDITIONS = "DEBUG $(inherited)";
				SWIFT_OPTIMIZATION_LEVEL = "-Onone";
			};
			name = Debug;
		};
		1F9B3EB62E1AE48F005F95A0 /* Release */ = {
			isa = XCBuildConfiguration;
			buildSettings = {
				ALWAYS_SEARCH_USER_PATHS = NO;
				ASSETCATALOG_COMPILER_GENERATE_SWIFT_ASSET_SYMBOL_EXTENSIONS = YES;
				CLANG_ANALYZER_NONNULL = YES;
				CLANG_ANALYZER_NUMBER_OBJECT_CONVERSION = YES_AGGRESSIVE;
				CLANG_CXX_LANGUAGE_STANDARD = "gnu++20";
				CLANG_ENABLE_MODULES = YES;
				CLANG_ENABLE_OBJC_ARC = YES;
				CLANG_ENABLE_OBJC_WEAK = YES;
				CLANG_WARN_BLOCK_CAPTURE_AUTORELEASING = YES;
				CLANG_WARN_BOOL_CONVERSION = YES;
				CLANG_WARN_COMMA = YES;
				CLANG_WARN_CONSTANT_CONVERSION = YES;
				CLANG_WARN_DEPRECATED_OBJC_IMPLEMENTATIONS = YES;
				CLANG_WARN_DIRECT_OBJC_ISA_USAGE = YES_ERROR;
				CLANG_WARN_DOCUMENTATION_COMMENTS = YES;
				CLANG_WARN_EMPTY_BODY = YES;
				CLANG_WARN_ENUM_CONVERSION = YES;
				CLANG_WARN_INFINITE_RECURSION = YES;
				CLANG_WARN_INT_CONVERSION = YES;
				CLANG_WARN_NON_LITERAL_NULL_CONVERSION = YES;
				CLANG_WARN_OBJC_IMPLICIT_RETAIN_SELF = YES;
				CLANG_WARN_OBJC_LITERAL_CONVERSION = YES;
				CLANG_WARN_OBJC_ROOT_CLASS = YES_ERROR;
				CLANG_WARN_QUOTED_INCLUDE_IN_FRAMEWORK_HEADER = YES;
				CLANG_WARN_RANGE_LOOP_ANALYSIS = YES;
				CLANG_WARN_STRICT_PROTOTYPES = YES;
				CLANG_WARN_SUSPICIOUS_MOVE = YES;
				CLANG_WARN_UNGUARDED_AVAILABILITY = YES_AGGRESSIVE;
				CLANG_WARN_UNREACHABLE_CODE = YES;
				CLANG_WARN__DUPLICATE_METHOD_MATCH = YES;
				COPY_PHASE_STRIP = NO;
				DEBUG_INFORMATION_FORMAT = "dwarf-with-dsym";
				ENABLE_NS_ASSERTIONS = NO;
				ENABLE_STRICT_OBJC_MSGSEND = YES;
				ENABLE_USER_SCRIPT_SANDBOXING = YES;
				GCC_C_LANGUAGE_STANDARD = gnu17;
				GCC_NO_COMMON_BLOCKS = YES;
				GCC_WARN_64_TO_32_BIT_CONVERSION = YES;
				GCC_WARN_ABOUT_RETURN_TYPE = YES_ERROR;
				GCC_WARN_UNDECLARED_SELECTOR = YES;
				GCC_WARN_UNINITIALIZED_AUTOS = YES_AGGRESSIVE;
				GCC_WARN_UNUSED_FUNCTION = YES;
				GCC_WARN_UNUSED_VARIABLE = YES;
				IPHONEOS_DEPLOYMENT_TARGET = 17.0;
				LOCALIZATION_PREFERS_STRING_CATALOGS = YES;
				MTL_ENABLE_DEBUG_INFO = NO;
				MTL_FAST_MATH = YES;
				SDKROOT = iphoneos;
				SWIFT_COMPILATION_MODE = wholemodule;
				VALIDATE_PRODUCT = YES;
			};
			name = Release;
		};
		1F9B3EB82E1AE48F005F95A0 /* Debug */ = {
			isa = XCBuildConfiguration;
			buildSettings = {
				ALWAYS_EMBED_SWIFT_STANDARD_LIBRARIES = YES;
				ASSETCATALOG_COMPILER_APPICON_NAME = AppIcon;
				ASSETCATALOG_COMPILER_GLOBAL_ACCENT_COLOR_NAME = AccentColor;
				ASSETCATALOG_COMPILER_INCLUDE_ALL_APPICON_ASSETS = YES;
				CODE_SIGN_ENTITLEMENTS = filmlog/filmlog.entitlements;
				CODE_SIGN_STYLE = Automatic;
				CURRENT_PROJECT_VERSION = 1;
				DEVELOPMENT_ASSET_PATHS = "\"filmlog/Preview Content\"";
				DEVELOPMENT_TEAM = R5Y97YP857;
				ENABLE_PREVIEWS = YES;
				GENERATE_INFOPLIST_FILE = YES;
				INFOPLIST_FILE = filmlog/Info.plist;
				INFOPLIST_KEY_CFBundleDisplayName = Filmlog;
				INFOPLIST_KEY_LSApplicationCategoryType = "";
				INFOPLIST_KEY_LSSupportsOpeningDocumentsInPlace = YES;
				INFOPLIST_KEY_NSCameraUsageDescription = "We need camera access to take film photos.";
				INFOPLIST_KEY_NSLocationWhenInUseUsageDescription = "This app uses your location to tag frames with GPS coordinates.";
				INFOPLIST_KEY_NSPhotoLibraryUsageDescription = "We need photo access to pick or save photos.";
				INFOPLIST_KEY_UIApplicationSceneManifest_Generation = YES;
				INFOPLIST_KEY_UIApplicationSupportsIndirectInputEvents = YES;
				INFOPLIST_KEY_UILaunchScreen_Generation = YES;
				INFOPLIST_KEY_UIRequiresFullScreen = YES;
				INFOPLIST_KEY_UISupportedInterfaceOrientations = UIInterfaceOrientationPortrait;
				LD_RUNPATH_SEARCH_PATHS = (
					"$(inherited)",
					"@executable_path/Frameworks",
				);
				MARKETING_VERSION = 1.0;
				PRODUCT_BUNDLE_IDENTIFIER = mikaelsundell.filmlog;
				PRODUCT_NAME = "$(TARGET_NAME)";
				SWIFT_EMIT_LOC_STRINGS = YES;
				SWIFT_VERSION = 5.0;
				TARGETED_DEVICE_FAMILY = "1,2";
			};
			name = Debug;
		};
		1F9B3EB92E1AE48F005F95A0 /* Release */ = {
			isa = XCBuildConfiguration;
			buildSettings = {
				ALWAYS_EMBED_SWIFT_STANDARD_LIBRARIES = YES;
				ASSETCATALOG_COMPILER_APPICON_NAME = AppIcon;
				ASSETCATALOG_COMPILER_GLOBAL_ACCENT_COLOR_NAME = AccentColor;
				ASSETCATALOG_COMPILER_INCLUDE_ALL_APPICON_ASSETS = YES;
				CODE_SIGN_ENTITLEMENTS = filmlog/filmlog.entitlements;
				CODE_SIGN_STYLE = Automatic;
				CURRENT_PROJECT_VERSION = 1;
				DEVELOPMENT_ASSET_PATHS = "\"filmlog/Preview Content\"";
				DEVELOPMENT_TEAM = R5Y97YP857;
				ENABLE_PREVIEWS = YES;
				GENERATE_INFOPLIST_FILE = YES;
				INFOPLIST_FILE = filmlog/Info.plist;
				INFOPLIST_KEY_CFBundleDisplayName = Filmlog;
				INFOPLIST_KEY_LSApplicationCategoryType = "";
				INFOPLIST_KEY_LSSupportsOpeningDocumentsInPlace = YES;
				INFOPLIST_KEY_NSCameraUsageDescription = "We need camera access to take film photos.";
				INFOPLIST_KEY_NSLocationWhenInUseUsageDescription = "This app uses your location to tag frames with GPS coordinates.";
				INFOPLIST_KEY_NSPhotoLibraryUsageDescription = "We need photo access to pick or save photos.";
				INFOPLIST_KEY_UIApplicationSceneManifest_Generation = YES;
				INFOPLIST_KEY_UIApplicationSupportsIndirectInputEvents = YES;
				INFOPLIST_KEY_UILaunchScreen_Generation = YES;
				INFOPLIST_KEY_UIRequiresFullScreen = YES;
				INFOPLIST_KEY_UISupportedInterfaceOrientations = UIInterfaceOrientationPortrait;
				LD_RUNPATH_SEARCH_PATHS = (
					"$(inherited)",
					"@executable_path/Frameworks",
				);
				MARKETING_VERSION = 1.0;
				PRODUCT_BUNDLE_IDENTIFIER = mikaelsundell.filmlog;
				PRODUCT_NAME = "$(TARGET_NAME)";
				SWIFT_EMIT_LOC_STRINGS = YES;
				SWIFT_VERSION = 5.0;
				TARGETED_DEVICE_FAMILY = "1,2";
			};
			name = Release;
		};
		1F9B3EBB2E1AE48F005F95A0 /* Debug */ = {
			isa = XCBuildConfiguration;
			buildSettings = {
				ALWAYS_EMBED_SWIFT_STANDARD_LIBRARIES = YES;
				BUNDLE_LOADER = "$(TEST_HOST)";
				CODE_SIGN_STYLE = Automatic;
				CURRENT_PROJECT_VERSION = 1;
				GENERATE_INFOPLIST_FILE = YES;
				IPHONEOS_DEPLOYMENT_TARGET = 17.0;
				MARKETING_VERSION = 1.0;
				PRODUCT_BUNDLE_IDENTIFIER = mikaelsundell.filmlogTests;
				PRODUCT_NAME = "$(TARGET_NAME)";
				SWIFT_EMIT_LOC_STRINGS = NO;
				SWIFT_VERSION = 5.0;
				TARGETED_DEVICE_FAMILY = "1,2";
				TEST_HOST = "$(BUILT_PRODUCTS_DIR)/filmlog.app/$(BUNDLE_EXECUTABLE_FOLDER_PATH)/filmlog";
			};
			name = Debug;
		};
		1F9B3EBC2E1AE48F005F95A0 /* Release */ = {
			isa = XCBuildConfiguration;
			buildSettings = {
				ALWAYS_EMBED_SWIFT_STANDARD_LIBRARIES = YES;
				BUNDLE_LOADER = "$(TEST_HOST)";
				CODE_SIGN_STYLE = Automatic;
				CURRENT_PROJECT_VERSION = 1;
				GENERATE_INFOPLIST_FILE = YES;
				IPHONEOS_DEPLOYMENT_TARGET = 17.0;
				MARKETING_VERSION = 1.0;
				PRODUCT_BUNDLE_IDENTIFIER = mikaelsundell.filmlogTests;
				PRODUCT_NAME = "$(TARGET_NAME)";
				SWIFT_EMIT_LOC_STRINGS = NO;
				SWIFT_VERSION = 5.0;
				TARGETED_DEVICE_FAMILY = "1,2";
				TEST_HOST = "$(BUILT_PRODUCTS_DIR)/filmlog.app/$(BUNDLE_EXECUTABLE_FOLDER_PATH)/filmlog";
			};
			name = Release;
		};
		1F9B3EBE2E1AE48F005F95A0 /* Debug */ = {
			isa = XCBuildConfiguration;
			buildSettings = {
				ALWAYS_EMBED_SWIFT_STANDARD_LIBRARIES = YES;
				CODE_SIGN_STYLE = Automatic;
				CURRENT_PROJECT_VERSION = 1;
				GENERATE_INFOPLIST_FILE = YES;
				MARKETING_VERSION = 1.0;
				PRODUCT_BUNDLE_IDENTIFIER = mikaelsundell.filmlogUITests;
				PRODUCT_NAME = "$(TARGET_NAME)";
				SWIFT_EMIT_LOC_STRINGS = NO;
				SWIFT_VERSION = 5.0;
				TARGETED_DEVICE_FAMILY = "1,2";
				TEST_TARGET_NAME = filmlog;
			};
			name = Debug;
		};
		1F9B3EBF2E1AE48F005F95A0 /* Release */ = {
			isa = XCBuildConfiguration;
			buildSettings = {
				ALWAYS_EMBED_SWIFT_STANDARD_LIBRARIES = YES;
				CODE_SIGN_STYLE = Automatic;
				CURRENT_PROJECT_VERSION = 1;
				GENERATE_INFOPLIST_FILE = YES;
				MARKETING_VERSION = 1.0;
				PRODUCT_BUNDLE_IDENTIFIER = mikaelsundell.filmlogUITests;
				PRODUCT_NAME = "$(TARGET_NAME)";
				SWIFT_EMIT_LOC_STRINGS = NO;
				SWIFT_VERSION = 5.0;
				TARGETED_DEVICE_FAMILY = "1,2";
				TEST_TARGET_NAME = filmlog;
			};
			name = Release;
		};
/* End XCBuildConfiguration section */

/* Begin XCConfigurationList section */
		1F2D89EC2E2E61780040D673 /* Build configuration list for PBXNativeTarget "FilmlogShareExtension" */ = {
			isa = XCConfigurationList;
			buildConfigurations = (
				1F2D89ED2E2E61780040D673 /* Debug */,
				1F2D89EE2E2E61780040D673 /* Release */,
			);
			defaultConfigurationIsVisible = 0;
			defaultConfigurationName = Release;
		};
		1F9B3E8C2E1AE48C005F95A0 /* Build configuration list for PBXProject "filmlog" */ = {
			isa = XCConfigurationList;
			buildConfigurations = (
				1F9B3EB52E1AE48F005F95A0 /* Debug */,
				1F9B3EB62E1AE48F005F95A0 /* Release */,
			);
			defaultConfigurationIsVisible = 0;
			defaultConfigurationName = Release;
		};
		1F9B3EB72E1AE48F005F95A0 /* Build configuration list for PBXNativeTarget "filmlog" */ = {
			isa = XCConfigurationList;
			buildConfigurations = (
				1F9B3EB82E1AE48F005F95A0 /* Debug */,
				1F9B3EB92E1AE48F005F95A0 /* Release */,
			);
			defaultConfigurationIsVisible = 0;
			defaultConfigurationName = Release;
		};
		1F9B3EBA2E1AE48F005F95A0 /* Build configuration list for PBXNativeTarget "filmlogTests" */ = {
			isa = XCConfigurationList;
			buildConfigurations = (
				1F9B3EBB2E1AE48F005F95A0 /* Debug */,
				1F9B3EBC2E1AE48F005F95A0 /* Release */,
			);
			defaultConfigurationIsVisible = 0;
			defaultConfigurationName = Release;
		};
		1F9B3EBD2E1AE48F005F95A0 /* Build configuration list for PBXNativeTarget "filmlogUITests" */ = {
			isa = XCConfigurationList;
			buildConfigurations = (
				1F9B3EBE2E1AE48F005F95A0 /* Debug */,
				1F9B3EBF2E1AE48F005F95A0 /* Release */,
			);
			defaultConfigurationIsVisible = 0;
			defaultConfigurationName = Release;
		};
/* End XCConfigurationList section */
	};
	rootObject = 1F9B3E892E1AE48C005F95A0 /* Project object */;
}
